// !$*UTF8*$!
{
	archiveVersion = 1;
	classes = {
	};
	objectVersion = 46;
	objects = {

/* Begin PBXBuildFile section */
		382620341C67C3EE00F6EC18 /* AppDelegate.swift in Sources */ = {isa = PBXBuildFile; fileRef = 382620331C67C3EE00F6EC18 /* AppDelegate.swift */; };
		382620361C67C3EE00F6EC18 /* ViewController.swift in Sources */ = {isa = PBXBuildFile; fileRef = 382620351C67C3EE00F6EC18 /* ViewController.swift */; };
		382620391C67C3EE00F6EC18 /* Main.storyboard in Resources */ = {isa = PBXBuildFile; fileRef = 382620371C67C3EE00F6EC18 /* Main.storyboard */; };
		3826203B1C67C3EE00F6EC18 /* Assets.xcassets in Resources */ = {isa = PBXBuildFile; fileRef = 3826203A1C67C3EE00F6EC18 /* Assets.xcassets */; };
		3826203E1C67C3EE00F6EC18 /* LaunchScreen.storyboard in Resources */ = {isa = PBXBuildFile; fileRef = 3826203C1C67C3EE00F6EC18 /* LaunchScreen.storyboard */; };
		382620461C67D5BE00F6EC18 /* Minecraft.ttf in Resources */ = {isa = PBXBuildFile; fileRef = 382620451C67D5BE00F6EC18 /* Minecraft.ttf */; };
		382620481C67DBF900F6EC18 /* btn.wav in Resources */ = {isa = PBXBuildFile; fileRef = 382620471C67DBF900F6EC18 /* btn.wav */; };
/* End PBXBuildFile section */

/* Begin PBXFileReference section */
		382620301C67C3EE00F6EC18 /* Retro Calculator.app */ = {isa = PBXFileReference; explicitFileType = wrapper.application; includeInIndex = 0; path = "Retro Calculator.app"; sourceTree = BUILT_PRODUCTS_DIR; };
		382620331C67C3EE00F6EC18 /* AppDelegate.swift */ = {isa = PBXFileReference; lastKnownFileType = sourcecode.swift; path = AppDelegate.swift; sourceTree = "<group>"; };
		382620351C67C3EE00F6EC18 /* ViewController.swift */ = {isa = PBXFileReference; lastKnownFileType = sourcecode.swift; path = ViewController.swift; sourceTree = "<group>"; };
		382620381C67C3EE00F6EC18 /* Base */ = {isa = PBXFileReference; lastKnownFileType = file.storyboard; name = Base; path = Base.lproj/Main.storyboard; sourceTree = "<group>"; };
		3826203A1C67C3EE00F6EC18 /* Assets.xcassets */ = {isa = PBXFileReference; lastKnownFileType = folder.assetcatalog; path = Assets.xcassets; sourceTree = "<group>"; };
		3826203D1C67C3EE00F6EC18 /* Base */ = {isa = PBXFileReference; lastKnownFileType = file.storyboard; name = Base; path = Base.lproj/LaunchScreen.storyboard; sourceTree = "<group>"; };
		3826203F1C67C3EE00F6EC18 /* Info.plist */ = {isa = PBXFileReference; lastKnownFileType = text.plist.xml; path = Info.plist; sourceTree = "<group>"; };
		382620451C67D5BE00F6EC18 /* Minecraft.ttf */ = {isa = PBXFileReference; lastKnownFileType = file; path = Minecraft.ttf; sourceTree = "<group>"; };
		382620471C67DBF900F6EC18 /* btn.wav */ = {isa = PBXFileReference; lastKnownFileType = audio.wav; path = btn.wav; sourceTree = "<group>"; };
/* End PBXFileReference section */

/* Begin PBXFrameworksBuildPhase section */
		3826202D1C67C3EE00F6EC18 /* Frameworks */ = {
			isa = PBXFrameworksBuildPhase;
			buildActionMask = 2147483647;
			files = (
			);
			runOnlyForDeploymentPostprocessing = 0;
		};
/* End PBXFrameworksBuildPhase section */

/* Begin PBXGroup section */
		382620271C67C3ED00F6EC18 = {
			isa = PBXGroup;
			children = (
				382620451C67D5BE00F6EC18 /* Minecraft.ttf */,
				382620471C67DBF900F6EC18 /* btn.wav */,
				382620321C67C3EE00F6EC18 /* Retro Calculator */,
				382620311C67C3EE00F6EC18 /* Products */,
			);
			sourceTree = "<group>";
		};
		382620311C67C3EE00F6EC18 /* Products */ = {
			isa = PBXGroup;
			children = (
				382620301C67C3EE00F6EC18 /* Retro Calculator.app */,
			);
			name = Products;
			sourceTree = "<group>";
		};
		382620321C67C3EE00F6EC18 /* Retro Calculator */ = {
			isa = PBXGroup;
			children = (
				382620331C67C3EE00F6EC18 /* AppDelegate.swift */,
				382620351C67C3EE00F6EC18 /* ViewController.swift */,
				382620371C67C3EE00F6EC18 /* Main.storyboard */,
				3826203A1C67C3EE00F6EC18 /* Assets.xcassets */,
				3826203C1C67C3EE00F6EC18 /* LaunchScreen.storyboard */,
				3826203F1C67C3EE00F6EC18 /* Info.plist */,
			);
			path = "Retro Calculator";
			sourceTree = "<group>";
		};
/* End PBXGroup section */

/* Begin PBXNativeTarget section */
		3826202F1C67C3EE00F6EC18 /* Retro Calculator */ = {
			isa = PBXNativeTarget;
			buildConfigurationList = 382620421C67C3EE00F6EC18 /* Build configuration list for PBXNativeTarget "Retro Calculator" */;
			buildPhases = (
				3826202C1C67C3EE00F6EC18 /* Sources */,
				3826202D1C67C3EE00F6EC18 /* Frameworks */,
				3826202E1C67C3EE00F6EC18 /* Resources */,
			);
			buildRules = (
			);
			dependencies = (
			);
			name = "Retro Calculator";
			productName = "Retro Calculator";
			productReference = 382620301C67C3EE00F6EC18 /* Retro Calculator.app */;
			productType = "com.apple.product-type.application";
		};
/* End PBXNativeTarget section */

/* Begin PBXProject section */
		382620281C67C3ED00F6EC18 /* Project object */ = {
			isa = PBXProject;
			attributes = {
				LastSwiftUpdateCheck = 0720;
				LastUpgradeCheck = 0720;
				ORGANIZATIONNAME = RefactoredWeb;
				TargetAttributes = {
					3826202F1C67C3EE00F6EC18 = {
						CreatedOnToolsVersion = 7.2.1;
					};
				};
			};
			buildConfigurationList = 3826202B1C67C3EE00F6EC18 /* Build configuration list for PBXProject "Retro Calculator" */;
			compatibilityVersion = "Xcode 3.2";
			developmentRegion = English;
			hasScannedForEncodings = 0;
			knownRegions = (
				en,
				Base,
			);
			mainGroup = 382620271C67C3ED00F6EC18;
			productRefGroup = 382620311C67C3EE00F6EC18 /* Products */;
			projectDirPath = "";
			projectRoot = "";
			targets = (
				3826202F1C67C3EE00F6EC18 /* Retro Calculator */,
			);
		};
/* End PBXProject section */

/* Begin PBXResourcesBuildPhase section */
		3826202E1C67C3EE00F6EC18 /* Resources */ = {
			isa = PBXResourcesBuildPhase;
			buildActionMask = 2147483647;
			files = (
				382620481C67DBF900F6EC18 /* btn.wav in Resources */,
				3826203E1C67C3EE00F6EC18 /* LaunchScreen.storyboard in Resources */,
				3826203B1C67C3EE00F6EC18 /* Assets.xcassets in Resources */,
				382620461C67D5BE00F6EC18 /* Minecraft.ttf in Resources */,
				382620391C67C3EE00F6EC18 /* Main.storyboard in Resources */,
			);
			runOnlyForDeploymentPostprocessing = 0;
		};
/* End PBXResourcesBuildPhase section */

/* Begin PBXSourcesBuildPhase section */
		3826202C1C67C3EE00F6EC18 /* Sources */ = {
			isa = PBXSourcesBuildPhase;
			buildActionMask = 2147483647;
			files = (
				382620361C67C3EE00F6EC18 /* ViewController.swift in Sources */,
				382620341C67C3EE00F6EC18 /* AppDelegate.swift in Sources */,
			);
			runOnlyForDeploymentPostprocessing = 0;
		};
/* End PBXSourcesBuildPhase section */

/* Begin PBXVariantGroup section */
		382620371C67C3EE00F6EC18 /* Main.storyboard */ = {
			isa = PBXVariantGroup;
			children = (
				382620381C67C3EE00F6EC18 /* Base */,
			);
			name = Main.storyboard;
			sourceTree = "<group>";
		};
		3826203C1C67C3EE00F6EC18 /* LaunchScreen.storyboard */ = {
			isa = PBXVariantGroup;
			children = (
				3826203D1C67C3EE00F6EC18 /* Base */,
			);
			name = LaunchScreen.storyboard;
			sourceTree = "<group>";
		};
/* End PBXVariantGroup section */

/* Begin XCBuildConfiguration section */
		382620401C67C3EE00F6EC18 /* Debug */ = {
			isa = XCBuildConfiguration;
			buildSettings = {
				ALWAYS_SEARCH_USER_PATHS = NO;
				CLANG_CXX_LANGUAGE_STANDARD = "gnu++0x";
				CLANG_CXX_LIBRARY = "libc++";
				CLANG_ENABLE_MODULES = YES;
				CLANG_ENABLE_OBJC_ARC = YES;
				CLANG_WARN_BOOL_CONVERSION = YES;
				CLANG_WARN_CONSTANT_CONVERSION = YES;
				CLANG_WARN_DIRECT_OBJC_ISA_USAGE = YES_ERROR;
				CLANG_WARN_EMPTY_BODY = YES;
				CLANG_WARN_ENUM_CONVERSION = YES;
				CLANG_WARN_INT_CONVERSION = YES;
				CLANG_WARN_OBJC_ROOT_CLASS = YES_ERROR;
				CLANG_WARN_UNREACHABLE_CODE = YES;
				CLANG_WARN__DUPLICATE_METHOD_MATCH = YES;
				"CODE_SIGN_IDENTITY[sdk=iphoneos*]" = "iPhone Developer";
				COPY_PHASE_STRIP = NO;
				DEBUG_INFORMATION_FORMAT = dwarf;
				ENABLE_STRICT_OBJC_MSGSEND = YES;
				ENABLE_TESTABILITY = YES;
				GCC_C_LANGUAGE_STANDARD = gnu99;
				GCC_DYNAMIC_NO_PIC = NO;
				GCC_NO_COMMON_BLOCKS = YES;
				GCC_OPTIMIZATION_LEVEL = 0;
				GCC_PREPROCESSOR_DEFINITIONS = (
					"DEBUG=1",
					"$(inherited)",
				);
				GCC_WARN_64_TO_32_BIT_CONVERSION = YES;
				GCC_WARN_ABOUT_RETURN_TYPE = YES_ERROR;
				GCC_WARN_UNDECLARED_SELECTOR = YES;
				GCC_WARN_UNINITIALIZED_AUTOS = YES_AGGRESSIVE;
				GCC_WARN_UNUSED_FUNCTION = YES;
				GCC_WARN_UNUSED_VARIABLE = YES;
				IPHONEOS_DEPLOYMENT_TARGET = 9.2;
				MTL_ENABLE_DEBUG_INFO = YES;
				ONLY_ACTIVE_ARCH = YES;
				SDKROOT = iphoneos;
				SWIFT_OPTIMIZATION_LEVEL = "-Onone";
			};
			name = Debug;
		};
		382620411C67C3EE00F6EC18 /* Release */ = {
			isa = XCBuildConfiguration;
			buildSettings = {
				ALWAYS_SEARCH_USER_PATHS = NO;
				CLANG_CXX_LANGUAGE_STANDARD = "gnu++0x";
				CLANG_CXX_LIBRARY = "libc++";
				CLANG_ENABLE_MODULES = YES;
				CLANG_ENABLE_OBJC_ARC = YES;
				CLANG_WARN_BOOL_CONVERSION = YES;
				CLANG_WARN_CONSTANT_CONVERSION = YES;
				CLANG_WARN_DIRECT_OBJC_ISA_USAGE = YES_ERROR;
				CLANG_WARN_EMPTY_BODY = YES;
				CLANG_WARN_ENUM_CONVERSION = YES;
				CLANG_WARN_INT_CONVERSION = YES;
				CLANG_WARN_OBJC_ROOT_CLASS = YES_ERROR;
				CLANG_WARN_UNREACHABLE_CODE = YES;
				CLANG_WARN__DUPLICATE_METHOD_MATCH = YES;
				"CODE_SIGN_IDENTITY[sdk=iphoneos*]" = "iPhone Developer";
				COPY_PHASE_STRIP = NO;
				DEBUG_INFORMATION_FORMAT = "dwarf-with-dsym";
				ENABLE_NS_ASSERTIONS = NO;
				ENABLE_STRICT_OBJC_MSGSEND = YES;
				GCC_C_LANGUAGE_STANDARD = gnu99;
				GCC_NO_COMMON_BLOCKS = YES;
				GCC_WARN_64_TO_32_BIT_CONVERSION = YES;
				GCC_WARN_ABOUT_RETURN_TYPE = YES_ERROR;
				GCC_WARN_UNDECLARED_SELECTOR = YES;
				GCC_WARN_UNINITIALIZED_AUTOS = YES_AGGRESSIVE;
				GCC_WARN_UNUSED_FUNCTION = YES;
				GCC_WARN_UNUSED_VARIABLE = YES;
				IPHONEOS_DEPLOYMENT_TARGET = 9.2;
				MTL_ENABLE_DEBUG_INFO = NO;
				SDKROOT = iphoneos;
				VALIDATE_PRODUCT = YES;
			};
			name = Release;
		};
		382620431C67C3EE00F6EC18 /* Debug */ = {
			isa = XCBuildConfiguration;
			buildSettings = {
				ASSETCATALOG_COMPILER_APPICON_NAME = AppIcon;
				INFOPLIST_FILE = "Retro Calculator/Info.plist";
				LD_RUNPATH_SEARCH_PATHS = "$(inherited) @executable_path/Frameworks";
				PRODUCT_BUNDLE_IDENTIFIER = "com.refactoredweb.Retro-Calculator";
				PRODUCT_NAME = "$(TARGET_NAME)";
			};
			name = Debug;
		};
		382620441C67C3EE00F6EC18 /* Release */ = {
			isa = XCBuildConfiguration;
			buildSettings = {
				ASSETCATALOG_COMPILER_APPICON_NAME = AppIcon;
				INFOPLIST_FILE = "Retro Calculator/Info.plist";
				LD_RUNPATH_SEARCH_PATHS = "$(inherited) @executable_path/Frameworks";
				PRODUCT_BUNDLE_IDENTIFIER = "com.refactoredweb.Retro-Calculator";
				PRODUCT_NAME = "$(TARGET_NAME)";
			};
			name = Release;
		};
/* End XCBuildConfiguration section */

/* Begin XCConfigurationList section */
		3826202B1C67C3EE00F6EC18 /* Build configuration list for PBXProject "Retro Calculator" */ = {
			isa = XCConfigurationList;
			buildConfigurations = (
				382620401C67C3EE00F6EC18 /* Debug */,
				382620411C67C3EE00F6EC18 /* Release */,
			);
			defaultConfigurationIsVisible = 0;
			defaultConfigurationName = Release;
		};
		382620421C67C3EE00F6EC18 /* Build configuration list for PBXNativeTarget "Retro Calculator" */ = {
			isa = XCConfigurationList;
			buildConfigurations = (
				382620431C67C3EE00F6EC18 /* Debug */,
				382620441C67C3EE00F6EC18 /* Release */,
			);
			defaultConfigurationIsVisible = 0;
		};
/* End XCConfigurationList section */
	};
	rootObject = 382620281C67C3ED00F6EC18 /* Project object */;
}
